<?xml version="1.0" encoding="utf-8"?>
<Project ToolsVersion="4.0" xmlns="http://schemas.microsoft.com/developer/msbuild/2003">
  <ItemGroup>
    <Filter Include="Fichiers sources">
      <UniqueIdentifier>{4FC737F1-C7A5-4376-A066-2A32D752A2FF}</UniqueIdentifier>
      <Extensions>cpp;c;cc;cxx;def;odl;idl;hpj;bat;asm;asmx</Extensions>
    </Filter>
    <Filter Include="Fichiers d%27en-tête">
      <UniqueIdentifier>{93995380-89BD-4b04-88EB-625FBE52EBFB}</UniqueIdentifier>
      <Extensions>h;hh;hpp;hxx;hm;inl;inc;xsd</Extensions>
    </Filter>
    <Filter Include="Fichiers de ressources">
      <UniqueIdentifier>{67DA6AB6-F800-4c08-8B7A-83BB121AAD01}</UniqueIdentifier>
      <Extensions>rc;ico;cur;bmp;dlg;rc2;rct;bin;rgs;gif;jpg;jpeg;jpe;resx;tiff;tif;png;wav;mfcribbon-ms</Extensions>
    </Filter>
    <Filter Include="Fichiers sources\State">
      <UniqueIdentifier>{3afbd3b3-6657-4795-a36e-ed0773989be9}</UniqueIdentifier>
    </Filter>
    <Filter Include="Fichiers d%27en-tête\State">
      <UniqueIdentifier>{c34b6661-50eb-4fcf-92a4-b9eeb98f06aa}</UniqueIdentifier>
    </Filter>
    <Filter Include="Fichiers sources\Shader">
      <UniqueIdentifier>{cda1253a-7cbb-44c3-88a5-db89003959ed}</UniqueIdentifier>
    </Filter>
    <Filter Include="Fichiers d%27en-tête\Shader">
      <UniqueIdentifier>{bffa1192-0c57-470a-bd38-f8b55e506df4}</UniqueIdentifier>
    </Filter>
    <Filter Include="Fichiers d%27en-tête\Renderer">
      <UniqueIdentifier>{4fb5ac9c-6a15-47c9-be96-9ae5a7efd83c}</UniqueIdentifier>
    </Filter>
    <Filter Include="Fichiers sources\Renderer">
      <UniqueIdentifier>{7e50c25b-f2cf-4945-8019-25cfa9235567}</UniqueIdentifier>
    </Filter>
  </ItemGroup>
  <ItemGroup>
    <ClCompile Include="Source.cpp">
      <Filter>Fichiers sources</Filter>
    </ClCompile>
    <ClCompile Include="Application.cpp">
      <Filter>Fichiers sources</Filter>
    </ClCompile>
    <ClCompile Include="OpenGL_Context.cpp">
      <Filter>Fichiers sources</Filter>
    </ClCompile>
    <ClCompile Include="Camera.cpp">
      <Filter>Fichiers sources</Filter>
    </ClCompile>
    <ClCompile Include="Playing_State.cpp">
      <Filter>Fichiers sources\State</Filter>
    </ClCompile>
    <ClCompile Include="Game_States.cpp">
      <Filter>Fichiers sources\State</Filter>
    </ClCompile>
    <ClCompile Include="Model.cpp">
      <Filter>Fichiers sources</Filter>
    </ClCompile>
    <ClCompile Include="Shader_Program.cpp">
      <Filter>Fichiers sources\Shader</Filter>
    </ClCompile>
    <ClCompile Include="Shader_Loader.cpp">
      <Filter>Fichiers sources\Shader</Filter>
    </ClCompile>
    <ClCompile Include="Basic_Texture.cpp">
      <Filter>Fichiers sources</Filter>
    </ClCompile>
    <ClCompile Include="Simple_Shader.cpp">
      <Filter>Fichiers sources\Shader</Filter>
    </ClCompile>
    <ClCompile Include="Quad.cpp">
      <Filter>Fichiers sources</Filter>
    </ClCompile>
    <ClCompile Include="Render_Master.cpp">
      <Filter>Fichiers sources\Renderer</Filter>
    </ClCompile>
    <ClCompile Include="Render_Simple.cpp">
      <Filter>Fichiers sources\Renderer</Filter>
    </ClCompile>
    <ClCompile Include="Matrix.cpp">
      <Filter>Fichiers sources</Filter>
    </ClCompile>
  </ItemGroup>
  <ItemGroup>
    <ClInclude Include="Application.h">
      <Filter>Fichiers d%27en-tête</Filter>
    </ClInclude>
    <ClInclude Include="OpenGL_Context.h">
      <Filter>Fichiers d%27en-tête</Filter>
    </ClInclude>
    <ClInclude Include="Settings.h">
      <Filter>Fichiers d%27en-tête</Filter>
    </ClInclude>
    <ClInclude Include="Camera.h">
      <Filter>Fichiers d%27en-tête</Filter>
    </ClInclude>
    <ClInclude Include="Game_States.h">
      <Filter>Fichiers d%27en-tête\State</Filter>
    </ClInclude>
    <ClInclude Include="Playing_State.h">
      <Filter>Fichiers d%27en-tête\State</Filter>
    </ClInclude>
    <ClInclude Include="Model.h">
      <Filter>Fichiers d%27en-tête</Filter>
    </ClInclude>
    <ClInclude Include="Shader_Loader.h">
      <Filter>Fichiers d%27en-tête\Shader</Filter>
    </ClInclude>
    <ClInclude Include="Shader_Program.h">
      <Filter>Fichiers d%27en-tête\Shader</Filter>
    </ClInclude>
    <ClInclude Include="Basic_Texture.h">
      <Filter>Fichiers d%27en-tête</Filter>
    </ClInclude>
    <ClInclude Include="Simple_Shader.h">
      <Filter>Fichiers d%27en-tête\Shader</Filter>
    </ClInclude>
    <ClInclude Include="Glm_Common.h">
      <Filter>Fichiers d%27en-tête</Filter>
    </ClInclude>
    <ClInclude Include="Entity.h">
      <Filter>Fichiers d%27en-tête</Filter>
    </ClInclude>
    <ClInclude Include="Quad.h">
      <Filter>Fichiers d%27en-tête</Filter>
    </ClInclude>
    <ClInclude Include="Render_Simple.h">
      <Filter>Fichiers d%27en-tête\Renderer</Filter>
    </ClInclude>
    <ClInclude Include="Render_Master.h">
      <Filter>Fichiers d%27en-tête\Renderer</Filter>
    </ClInclude>
    <ClInclude Include="Matrix.h">
      <Filter>Fichiers d%27en-tête</Filter>
    </ClInclude>
  </ItemGroup>
  <ItemGroup>
    <None Include="Data\Shaders\Simple_Vertex.glsl">
      <Filter>Fichiers de ressources</Filter>
    </None>
    <None Include="Data\Shaders\Simple_Fragment.glsl">
      <Filter>Fichiers de ressources</Filter>
    </None>
  </ItemGroup>
</Project>